
Microsoft Visual Studio Solution File, Format Version 12.00
# Visual Studio Version 17
VisualStudioVersion = 17.3.32929.385
MinimumVisualStudioVersion = 10.0.40219.1
Project("{9A19103F-16F7-4668-BE54-9A1E7A4F7556}") = "DotCreative.Services.PaymentCenter.Core", "DotCreative.Services.PaymentCenter.Core\DotCreative.Services.PaymentCenter.Core.csproj", "{F8E836E8-5E34-4997-A382-F9503A625ADB}"
EndProject
Project("{9A19103F-16F7-4668-BE54-9A1E7A4F7556}") = "DotCreative.Services.PaymentCenter.Paghiper", "DotCreative.Services.PaymentCenter.Paghiper\DotCreative.Services.PaymentCenter.Paghiper.csproj", "{E4704F56-5C4A-4251-A7E8-44E9836B09BE}"
EndProject
Project("{FAE04EC0-301F-11D3-BF4B-00C04F79EFBC}") = "DotCreative.Services.PaymentCenter.UnityTests", "DotCreative.Services.PaymentCenter.UnityTests\DotCreative.Services.PaymentCenter.UnityTests.csproj", "{38B040B3-1C7C-445B-9209-8C20487FBD60}"
EndProject
Global
	GlobalSection(SolutionConfigurationPlatforms) = preSolution
		Debug|Any CPU = Debug|Any CPU
		Release|Any CPU = Release|Any CPU
	EndGlobalSection
	GlobalSection(ProjectConfigurationPlatforms) = postSolution
		{F8E836E8-5E34-4997-A382-F9503A625ADB}.Debug|Any CPU.ActiveCfg = Debug|Any CPU
		{F8E836E8-5E34-4997-A382-F9503A625ADB}.Debug|Any CPU.Build.0 = Debug|Any CPU
		{F8E836E8-5E34-4997-A382-F9503A625ADB}.Release|Any CPU.ActiveCfg = Release|Any CPU
		{F8E836E8-5E34-4997-A382-F9503A625ADB}.Release|Any CPU.Build.0 = Release|Any CPU
		{E4704F56-5C4A-4251-A7E8-44E9836B09BE}.Debug|Any CPU.ActiveCfg = Debug|Any CPU
		{E4704F56-5C4A-4251-A7E8-44E9836B09BE}.Debug|Any CPU.Build.0 = Debug|Any CPU
		{E4704F56-5C4A-4251-A7E8-44E9836B09BE}.Release|Any CPU.ActiveCfg = Release|Any CPU
		{E4704F56-5C4A-4251-A7E8-44E9836B09BE}.Release|Any CPU.Build.0 = Release|Any CPU
		{38B040B3-1C7C-445B-9209-8C20487FBD60}.Debug|Any CPU.ActiveCfg = Debug|Any CPU
		{38B040B3-1C7C-445B-9209-8C20487FBD60}.Debug|Any CPU.Build.0 = Debug|Any CPU
		{38B040B3-1C7C-445B-9209-8C20487FBD60}.Release|Any CPU.ActiveCfg = Release|Any CPU
		{38B040B3-1C7C-445B-9209-8C20487FBD60}.Release|Any CPU.Build.0 = Release|Any CPU
	EndGlobalSection
	GlobalSection(SolutionProperties) = preSolution
		HideSolutionNode = FALSE
	EndGlobalSection
	GlobalSection(ExtensibilityGlobals) = postSolution
		SolutionGuid = {6E71D211-8D61-4AA7-BC89-166776E28A19}
	EndGlobalSection
EndGlobal
